
Microsoft Visual Studio Solution File, Format Version 12.00
# Visual Studio Version 16
VisualStudioVersion = 16.0.29230.47
MinimumVisualStudioVersion = 10.0.40219.1
Project("{8BC9CEB8-8B4A-11D0-8D11-00A0C91BC942}") = "glewtest", "glewtest\glewtest.vcxproj", "{F591E873-42ED-4B14-846F-69304B12C0B1}"
EndProject
Global
	GlobalSection(SolutionConfigurationPlatforms) = preSolution
		Debug|x64 = Debug|x64
		Debug|x86 = Debug|x86
		Release|x64 = Release|x64
		Release|x86 = Release|x86
	EndGlobalSection
	GlobalSection(ProjectConfigurationPlatforms) = postSolution
		{F591E873-42ED-4B14-846F-69304B12C0B1}.Debug|x64.ActiveCfg = Debug|x64
		{F591E873-42ED-4B14-846F-69304B12C0B1}.Debug|x64.Build.0 = Debug|x64
		{F591E873-42ED-4B14-846F-69304B12C0B1}.Debug|x86.ActiveCfg = Debug|Win32
		{F591E873-42ED-4B14-846F-69304B12C0B1}.Debug|x86.Build.0 = Debug|Win32
		{F591E873-42ED-4B14-846F-69304B12C0B1}.Release|x64.ActiveCfg = Release|x64
		{F591E873-42ED-4B14-846F-69304B12C0B1}.Release|x64.Build.0 = Release|x64
		{F591E873-42ED-4B14-846F-69304B12C0B1}.Release|x86.ActiveCfg = Release|Win32
		{F591E873-42ED-4B14-846F-69304B12C0B1}.Release|x86.Build.0 = Release|Win32
	EndGlobalSection
	GlobalSection(SolutionProperties) = preSolution
		HideSolutionNode = FALSE
	EndGlobalSection
	GlobalSection(ExtensibilityGlobals) = postSolution
		SolutionGuid = {709EE8A6-1B88-492C-A1C4-D62284FC2387}
	EndGlobalSection
EndGlobal
